
Microsoft Visual Studio Solution File, Format Version 12.00
# Visual Studio Version 17
VisualStudioVersion = 17.13.35818.85
MinimumVisualStudioVersion = 10.0.40219.1
Project("{FAE04EC0-301F-11D3-BF4B-00C04F79EFBC}") = "FirstApp", "FirstApp.csproj", "{4223C8D1-C8C1-4EFF-88F9-F26612B0A619}"
EndProject
Project("{8BC9CEB8-8B4A-11D0-8D11-00A0C91BC942}") = "Project1", "..\Project1\Project1.vcxproj", "{2AAB05F0-DEC6-4B4D-A013-4E2A902D1AF5}"
EndProject
Project("{FAE04EC0-301F-11D3-BF4B-00C04F79EFBC}") = "Type", "..\Type\Type.csproj", "{F9B6EEDA-8E7F-4284-A3FB-E57638EEA50A}"
EndProject
Project("{FAE04EC0-301F-11D3-BF4B-00C04F79EFBC}") = "반복문", "..\반복문\반복문.csproj", "{B447E6CA-3F91-4B9B-A52F-6FC3B2D11C6A}"
EndProject
Project("{FAE04EC0-301F-11D3-BF4B-00C04F79EFBC}") = "연산자", "..\연산자\연산자.csproj", "{248BBE81-7924-4049-84CA-D356C0157D0F}"
EndProject
Project("{FAE04EC0-301F-11D3-BF4B-00C04F79EFBC}") = "조건문", "..\조건문\조건문.csproj", "{3DF8F99F-D6C8-4498-98F8-897113784A08}"
EndProject
Project("{FAE04EC0-301F-11D3-BF4B-00C04F79EFBC}") = "Zerg", "..\Zerg\Zerg.csproj", "{C9CE271C-4592-4762-B76C-580FCB0141AA}"
EndProject
Project("{FAE04EC0-301F-11D3-BF4B-00C04F79EFBC}") = "FirstClass", "..\FirstClass\FirstClass.csproj", "{C319B2F7-44D4-45C3-AD98-1FAD849056B2}"
EndProject
Project("{FAE04EC0-301F-11D3-BF4B-00C04F79EFBC}") = "기본컨트롤", "..\기본컨트롤\기본컨트롤.csproj", "{4140B5A3-2089-4C33-996C-D83A60D84EAE}"
EndProject
Project("{FAE04EC0-301F-11D3-BF4B-00C04F79EFBC}") = "WebBrowser", "..\WebBrowser\WebBrowser.csproj", "{B404798D-569A-4E96-926B-58E8C94B1844}"
EndProject
Project("{FAE04EC0-301F-11D3-BF4B-00C04F79EFBC}") = "ListView", "..\ListView\ListView.csproj", "{78CFB1BE-528E-4755-9531-165E522908AD}"
EndProject
Project("{FAE04EC0-301F-11D3-BF4B-00C04F79EFBC}") = "TreeView", "..\TreeView\TreeView.csproj", "{47700B3F-2BFD-445B-936D-9CA3742D95B7}"
EndProject
Project("{FAE04EC0-301F-11D3-BF4B-00C04F79EFBC}") = "Menu", "..\Menu\Menu.csproj", "{FEC54018-4009-4955-A2C4-A8105CA6C3E2}"
EndProject
Project("{FAE04EC0-301F-11D3-BF4B-00C04F79EFBC}") = "DialogEx", "..\DialogEx\DialogEx.csproj", "{494AACB5-F48E-44E4-B455-5B5D310910FF}"
EndProject
Project("{FAE04EC0-301F-11D3-BF4B-00C04F79EFBC}") = "공통대화상자", "..\공통대화상자\공통대화상자.csproj", "{418D66F8-AC6F-4B2A-BB70-83888492A49C}"
EndProject
Project("{FAE04EC0-301F-11D3-BF4B-00C04F79EFBC}") = "Timer", "..\Timer\Timer.csproj", "{2B8B930D-93E8-4556-87A5-37A2B15E50BB}"
EndProject
Project("{FAE04EC0-301F-11D3-BF4B-00C04F79EFBC}") = "메시지알람", "..\메시지알람\메시지알람.csproj", "{0F97C307-C484-451A-BBBE-04C646510DD9}"
EndProject
Project("{FAE04EC0-301F-11D3-BF4B-00C04F79EFBC}") = "선그리기", "..\선그리기\선그리기.csproj", "{17259E4D-EB65-497E-8FBA-2A7AFA8AD193}"
EndProject
Project("{FAE04EC0-301F-11D3-BF4B-00C04F79EFBC}") = "원그리기", "..\원그리기\원그리기.csproj", "{51BEF01C-D365-440C-AF62-D02861CB2F72}"
EndProject
Project("{FAE04EC0-301F-11D3-BF4B-00C04F79EFBC}") = "미니그림판", "..\미니그림판\미니그림판.csproj", "{4C98CF1B-0CBC-45AF-8131-E4A499ED128A}"
EndProject
Project("{FAE04EC0-301F-11D3-BF4B-00C04F79EFBC}") = "이미지클래스", "..\이미지클래스\이미지클래스.csproj", "{F8820231-E373-4CF5-B691-48BB8CB0B458}"
EndProject
Project("{FAE04EC0-301F-11D3-BF4B-00C04F79EFBC}") = "비트맵클래스", "..\비트맵클래스\비트맵클래스.csproj", "{48A63D83-92D8-451B-9BB9-CD1B1E3A0939}"
EndProject
Project("{FAE04EC0-301F-11D3-BF4B-00C04F79EFBC}") = "추상클래스", "..\추상클래스\추상클래스.csproj", "{89234497-FF7A-4CC0-8524-01030A969A2A}"
EndProject
Project("{FAE04EC0-301F-11D3-BF4B-00C04F79EFBC}") = "ConsoleApp1", "..\ConsoleApp1\ConsoleApp1.csproj", "{25450FC1-B613-40E2-BBBB-945BA639519F}"
EndProject
Project("{2150E333-8FDC-42A3-9474-1A3956D46DE8}") = "Cpppp_Kosta", "Cpppp_Kosta", "{C8D5274F-AC00-46C7-1F8D-E88E81087A52}"
EndProject
Project("{2150E333-8FDC-42A3-9474-1A3956D46DE8}") = "Cpppp2_Kosta", "Cpppp2_Kosta", "{BB7B37BE-C4AD-44CF-BDEB-279A557446DD}"
EndProject
Project("{FAE04EC0-301F-11D3-BF4B-00C04F79EFBC}") = "인터페이스", "..\인터페이스\인터페이스.csproj", "{7F1B7BED-373F-43A2-AC9B-754E20207C90}"
EndProject
Project("{FAE04EC0-301F-11D3-BF4B-00C04F79EFBC}") = "인터페이스2", "..\인터페이스2\인터페이스2.csproj", "{0E93E5A4-25AC-4188-844D-B2F3BB099F16}"
EndProject
Project("{FAE04EC0-301F-11D3-BF4B-00C04F79EFBC}") = "델리게이트", "..\델리게이트\델리게이트.csproj", "{D7139C83-338D-4034-A6DC-C214604030A9}"
EndProject
Project("{FAE04EC0-301F-11D3-BF4B-00C04F79EFBC}") = "콜백메소드", "..\콜백메소드\콜백메소드.csproj", "{F50170F0-3DE0-4513-8451-6D9398B38EB4}"
EndProject
Project("{FAE04EC0-301F-11D3-BF4B-00C04F79EFBC}") = "압축프로그램", "..\압축프로그램\압축프로그램.csproj", "{EFB53E6D-72F4-4181-92BE-8BA7D227F5FC}"
EndProject
Global
	GlobalSection(SolutionConfigurationPlatforms) = preSolution
		Debug|Any CPU = Debug|Any CPU
		Debug|x64 = Debug|x64
		Debug|x86 = Debug|x86
		Release|Any CPU = Release|Any CPU
		Release|x64 = Release|x64
		Release|x86 = Release|x86
	EndGlobalSection
	GlobalSection(ProjectConfigurationPlatforms) = postSolution
		{4223C8D1-C8C1-4EFF-88F9-F26612B0A619}.Debug|Any CPU.ActiveCfg = Debug|Any CPU
		{4223C8D1-C8C1-4EFF-88F9-F26612B0A619}.Debug|Any CPU.Build.0 = Debug|Any CPU
		{4223C8D1-C8C1-4EFF-88F9-F26612B0A619}.Debug|x64.ActiveCfg = Debug|Any CPU
		{4223C8D1-C8C1-4EFF-88F9-F26612B0A619}.Debug|x64.Build.0 = Debug|Any CPU
		{4223C8D1-C8C1-4EFF-88F9-F26612B0A619}.Debug|x86.ActiveCfg = Debug|Any CPU
		{4223C8D1-C8C1-4EFF-88F9-F26612B0A619}.Debug|x86.Build.0 = Debug|Any CPU
		{4223C8D1-C8C1-4EFF-88F9-F26612B0A619}.Release|Any CPU.ActiveCfg = Release|Any CPU
		{4223C8D1-C8C1-4EFF-88F9-F26612B0A619}.Release|Any CPU.Build.0 = Release|Any CPU
		{4223C8D1-C8C1-4EFF-88F9-F26612B0A619}.Release|x64.ActiveCfg = Release|Any CPU
		{4223C8D1-C8C1-4EFF-88F9-F26612B0A619}.Release|x64.Build.0 = Release|Any CPU
		{4223C8D1-C8C1-4EFF-88F9-F26612B0A619}.Release|x86.ActiveCfg = Release|Any CPU
		{4223C8D1-C8C1-4EFF-88F9-F26612B0A619}.Release|x86.Build.0 = Release|Any CPU
		{2AAB05F0-DEC6-4B4D-A013-4E2A902D1AF5}.Debug|Any CPU.ActiveCfg = Debug|x64
		{2AAB05F0-DEC6-4B4D-A013-4E2A902D1AF5}.Debug|Any CPU.Build.0 = Debug|x64
		{2AAB05F0-DEC6-4B4D-A013-4E2A902D1AF5}.Debug|x64.ActiveCfg = Debug|x64
		{2AAB05F0-DEC6-4B4D-A013-4E2A902D1AF5}.Debug|x64.Build.0 = Debug|x64
		{2AAB05F0-DEC6-4B4D-A013-4E2A902D1AF5}.Debug|x86.ActiveCfg = Debug|Win32
		{2AAB05F0-DEC6-4B4D-A013-4E2A902D1AF5}.Debug|x86.Build.0 = Debug|Win32
		{2AAB05F0-DEC6-4B4D-A013-4E2A902D1AF5}.Release|Any CPU.ActiveCfg = Release|x64
		{2AAB05F0-DEC6-4B4D-A013-4E2A902D1AF5}.Release|Any CPU.Build.0 = Release|x64
		{2AAB05F0-DEC6-4B4D-A013-4E2A902D1AF5}.Release|x64.ActiveCfg = Release|x64
		{2AAB05F0-DEC6-4B4D-A013-4E2A902D1AF5}.Release|x64.Build.0 = Release|x64
		{2AAB05F0-DEC6-4B4D-A013-4E2A902D1AF5}.Release|x86.ActiveCfg = Release|Win32
		{2AAB05F0-DEC6-4B4D-A013-4E2A902D1AF5}.Release|x86.Build.0 = Release|Win32
		{F9B6EEDA-8E7F-4284-A3FB-E57638EEA50A}.Debug|Any CPU.ActiveCfg = Debug|Any CPU
		{F9B6EEDA-8E7F-4284-A3FB-E57638EEA50A}.Debug|Any CPU.Build.0 = Debug|Any CPU
		{F9B6EEDA-8E7F-4284-A3FB-E57638EEA50A}.Debug|x64.ActiveCfg = Debug|Any CPU
		{F9B6EEDA-8E7F-4284-A3FB-E57638EEA50A}.Debug|x64.Build.0 = Debug|Any CPU
		{F9B6EEDA-8E7F-4284-A3FB-E57638EEA50A}.Debug|x86.ActiveCfg = Debug|Any CPU
		{F9B6EEDA-8E7F-4284-A3FB-E57638EEA50A}.Debug|x86.Build.0 = Debug|Any CPU
		{F9B6EEDA-8E7F-4284-A3FB-E57638EEA50A}.Release|Any CPU.ActiveCfg = Release|Any CPU
		{F9B6EEDA-8E7F-4284-A3FB-E57638EEA50A}.Release|Any CPU.Build.0 = Release|Any CPU
		{F9B6EEDA-8E7F-4284-A3FB-E57638EEA50A}.Release|x64.ActiveCfg = Release|Any CPU
		{F9B6EEDA-8E7F-4284-A3FB-E57638EEA50A}.Release|x64.Build.0 = Release|Any CPU
		{F9B6EEDA-8E7F-4284-A3FB-E57638EEA50A}.Release|x86.ActiveCfg = Release|Any CPU
		{F9B6EEDA-8E7F-4284-A3FB-E57638EEA50A}.Release|x86.Build.0 = Release|Any CPU
		{B447E6CA-3F91-4B9B-A52F-6FC3B2D11C6A}.Debug|Any CPU.ActiveCfg = Debug|Any CPU
		{B447E6CA-3F91-4B9B-A52F-6FC3B2D11C6A}.Debug|Any CPU.Build.0 = Debug|Any CPU
		{B447E6CA-3F91-4B9B-A52F-6FC3B2D11C6A}.Debug|x64.ActiveCfg = Debug|Any CPU
		{B447E6CA-3F91-4B9B-A52F-6FC3B2D11C6A}.Debug|x64.Build.0 = Debug|Any CPU
		{B447E6CA-3F91-4B9B-A52F-6FC3B2D11C6A}.Debug|x86.ActiveCfg = Debug|Any CPU
		{B447E6CA-3F91-4B9B-A52F-6FC3B2D11C6A}.Debug|x86.Build.0 = Debug|Any CPU
		{B447E6CA-3F91-4B9B-A52F-6FC3B2D11C6A}.Release|Any CPU.ActiveCfg = Release|Any CPU
		{B447E6CA-3F91-4B9B-A52F-6FC3B2D11C6A}.Release|Any CPU.Build.0 = Release|Any CPU
		{B447E6CA-3F91-4B9B-A52F-6FC3B2D11C6A}.Release|x64.ActiveCfg = Release|Any CPU
		{B447E6CA-3F91-4B9B-A52F-6FC3B2D11C6A}.Release|x64.Build.0 = Release|Any CPU
		{B447E6CA-3F91-4B9B-A52F-6FC3B2D11C6A}.Release|x86.ActiveCfg = Release|Any CPU
		{B447E6CA-3F91-4B9B-A52F-6FC3B2D11C6A}.Release|x86.Build.0 = Release|Any CPU
		{248BBE81-7924-4049-84CA-D356C0157D0F}.Debug|Any CPU.ActiveCfg = Debug|Any CPU
		{248BBE81-7924-4049-84CA-D356C0157D0F}.Debug|Any CPU.Build.0 = Debug|Any CPU
		{248BBE81-7924-4049-84CA-D356C0157D0F}.Debug|x64.ActiveCfg = Debug|Any CPU
		{248BBE81-7924-4049-84CA-D356C0157D0F}.Debug|x64.Build.0 = Debug|Any CPU
		{248BBE81-7924-4049-84CA-D356C0157D0F}.Debug|x86.ActiveCfg = Debug|Any CPU
		{248BBE81-7924-4049-84CA-D356C0157D0F}.Debug|x86.Build.0 = Debug|Any CPU
		{248BBE81-7924-4049-84CA-D356C0157D0F}.Release|Any CPU.ActiveCfg = Release|Any CPU
		{248BBE81-7924-4049-84CA-D356C0157D0F}.Release|Any CPU.Build.0 = Release|Any CPU
		{248BBE81-7924-4049-84CA-D356C0157D0F}.Release|x64.ActiveCfg = Release|Any CPU
		{248BBE81-7924-4049-84CA-D356C0157D0F}.Release|x64.Build.0 = Release|Any CPU
		{248BBE81-7924-4049-84CA-D356C0157D0F}.Release|x86.ActiveCfg = Release|Any CPU
		{248BBE81-7924-4049-84CA-D356C0157D0F}.Release|x86.Build.0 = Release|Any CPU
		{3DF8F99F-D6C8-4498-98F8-897113784A08}.Debug|Any CPU.ActiveCfg = Debug|Any CPU
		{3DF8F99F-D6C8-4498-98F8-897113784A08}.Debug|Any CPU.Build.0 = Debug|Any CPU
		{3DF8F99F-D6C8-4498-98F8-897113784A08}.Debug|x64.ActiveCfg = Debug|Any CPU
		{3DF8F99F-D6C8-4498-98F8-897113784A08}.Debug|x64.Build.0 = Debug|Any CPU
		{3DF8F99F-D6C8-4498-98F8-897113784A08}.Debug|x86.ActiveCfg = Debug|Any CPU
		{3DF8F99F-D6C8-4498-98F8-897113784A08}.Debug|x86.Build.0 = Debug|Any CPU
		{3DF8F99F-D6C8-4498-98F8-897113784A08}.Release|Any CPU.ActiveCfg = Release|Any CPU
		{3DF8F99F-D6C8-4498-98F8-897113784A08}.Release|Any CPU.Build.0 = Release|Any CPU
		{3DF8F99F-D6C8-4498-98F8-897113784A08}.Release|x64.ActiveCfg = Release|Any CPU
		{3DF8F99F-D6C8-4498-98F8-897113784A08}.Release|x64.Build.0 = Release|Any CPU
		{3DF8F99F-D6C8-4498-98F8-897113784A08}.Release|x86.ActiveCfg = Release|Any CPU
		{3DF8F99F-D6C8-4498-98F8-897113784A08}.Release|x86.Build.0 = Release|Any CPU
		{C9CE271C-4592-4762-B76C-580FCB0141AA}.Debug|Any CPU.ActiveCfg = Debug|Any CPU
		{C9CE271C-4592-4762-B76C-580FCB0141AA}.Debug|Any CPU.Build.0 = Debug|Any CPU
		{C9CE271C-4592-4762-B76C-580FCB0141AA}.Debug|x64.ActiveCfg = Debug|Any CPU
		{C9CE271C-4592-4762-B76C-580FCB0141AA}.Debug|x64.Build.0 = Debug|Any CPU
		{C9CE271C-4592-4762-B76C-580FCB0141AA}.Debug|x86.ActiveCfg = Debug|Any CPU
		{C9CE271C-4592-4762-B76C-580FCB0141AA}.Debug|x86.Build.0 = Debug|Any CPU
		{C9CE271C-4592-4762-B76C-580FCB0141AA}.Release|Any CPU.ActiveCfg = Release|Any CPU
		{C9CE271C-4592-4762-B76C-580FCB0141AA}.Release|Any CPU.Build.0 = Release|Any CPU
		{C9CE271C-4592-4762-B76C-580FCB0141AA}.Release|x64.ActiveCfg = Release|Any CPU
		{C9CE271C-4592-4762-B76C-580FCB0141AA}.Release|x64.Build.0 = Release|Any CPU
		{C9CE271C-4592-4762-B76C-580FCB0141AA}.Release|x86.ActiveCfg = Release|Any CPU
		{C9CE271C-4592-4762-B76C-580FCB0141AA}.Release|x86.Build.0 = Release|Any CPU
		{C319B2F7-44D4-45C3-AD98-1FAD849056B2}.Debug|Any CPU.ActiveCfg = Debug|Any CPU
		{C319B2F7-44D4-45C3-AD98-1FAD849056B2}.Debug|Any CPU.Build.0 = Debug|Any CPU
		{C319B2F7-44D4-45C3-AD98-1FAD849056B2}.Debug|x64.ActiveCfg = Debug|Any CPU
		{C319B2F7-44D4-45C3-AD98-1FAD849056B2}.Debug|x64.Build.0 = Debug|Any CPU
		{C319B2F7-44D4-45C3-AD98-1FAD849056B2}.Debug|x86.ActiveCfg = Debug|Any CPU
		{C319B2F7-44D4-45C3-AD98-1FAD849056B2}.Debug|x86.Build.0 = Debug|Any CPU
		{C319B2F7-44D4-45C3-AD98-1FAD849056B2}.Release|Any CPU.ActiveCfg = Release|Any CPU
		{C319B2F7-44D4-45C3-AD98-1FAD849056B2}.Release|Any CPU.Build.0 = Release|Any CPU
		{C319B2F7-44D4-45C3-AD98-1FAD849056B2}.Release|x64.ActiveCfg = Release|Any CPU
		{C319B2F7-44D4-45C3-AD98-1FAD849056B2}.Release|x64.Build.0 = Release|Any CPU
		{C319B2F7-44D4-45C3-AD98-1FAD849056B2}.Release|x86.ActiveCfg = Release|Any CPU
		{C319B2F7-44D4-45C3-AD98-1FAD849056B2}.Release|x86.Build.0 = Release|Any CPU
		{4140B5A3-2089-4C33-996C-D83A60D84EAE}.Debug|Any CPU.ActiveCfg = Debug|Any CPU
		{4140B5A3-2089-4C33-996C-D83A60D84EAE}.Debug|Any CPU.Build.0 = Debug|Any CPU
		{4140B5A3-2089-4C33-996C-D83A60D84EAE}.Debug|x64.ActiveCfg = Debug|Any CPU
		{4140B5A3-2089-4C33-996C-D83A60D84EAE}.Debug|x64.Build.0 = Debug|Any CPU
		{4140B5A3-2089-4C33-996C-D83A60D84EAE}.Debug|x86.ActiveCfg = Debug|Any CPU
		{4140B5A3-2089-4C33-996C-D83A60D84EAE}.Debug|x86.Build.0 = Debug|Any CPU
		{4140B5A3-2089-4C33-996C-D83A60D84EAE}.Release|Any CPU.ActiveCfg = Release|Any CPU
		{4140B5A3-2089-4C33-996C-D83A60D84EAE}.Release|Any CPU.Build.0 = Release|Any CPU
		{4140B5A3-2089-4C33-996C-D83A60D84EAE}.Release|x64.ActiveCfg = Release|Any CPU
		{4140B5A3-2089-4C33-996C-D83A60D84EAE}.Release|x64.Build.0 = Release|Any CPU
		{4140B5A3-2089-4C33-996C-D83A60D84EAE}.Release|x86.ActiveCfg = Release|Any CPU
		{4140B5A3-2089-4C33-996C-D83A60D84EAE}.Release|x86.Build.0 = Release|Any CPU
		{B404798D-569A-4E96-926B-58E8C94B1844}.Debug|Any CPU.ActiveCfg = Debug|Any CPU
		{B404798D-569A-4E96-926B-58E8C94B1844}.Debug|Any CPU.Build.0 = Debug|Any CPU
		{B404798D-569A-4E96-926B-58E8C94B1844}.Debug|x64.ActiveCfg = Debug|Any CPU
		{B404798D-569A-4E96-926B-58E8C94B1844}.Debug|x64.Build.0 = Debug|Any CPU
		{B404798D-569A-4E96-926B-58E8C94B1844}.Debug|x86.ActiveCfg = Debug|Any CPU
		{B404798D-569A-4E96-926B-58E8C94B1844}.Debug|x86.Build.0 = Debug|Any CPU
		{B404798D-569A-4E96-926B-58E8C94B1844}.Release|Any CPU.ActiveCfg = Release|Any CPU
		{B404798D-569A-4E96-926B-58E8C94B1844}.Release|Any CPU.Build.0 = Release|Any CPU
		{B404798D-569A-4E96-926B-58E8C94B1844}.Release|x64.ActiveCfg = Release|Any CPU
		{B404798D-569A-4E96-926B-58E8C94B1844}.Release|x64.Build.0 = Release|Any CPU
		{B404798D-569A-4E96-926B-58E8C94B1844}.Release|x86.ActiveCfg = Release|Any CPU
		{B404798D-569A-4E96-926B-58E8C94B1844}.Release|x86.Build.0 = Release|Any CPU
		{78CFB1BE-528E-4755-9531-165E522908AD}.Debug|Any CPU.ActiveCfg = Debug|Any CPU
		{78CFB1BE-528E-4755-9531-165E522908AD}.Debug|Any CPU.Build.0 = Debug|Any CPU
		{78CFB1BE-528E-4755-9531-165E522908AD}.Debug|x64.ActiveCfg = Debug|Any CPU
		{78CFB1BE-528E-4755-9531-165E522908AD}.Debug|x64.Build.0 = Debug|Any CPU
		{78CFB1BE-528E-4755-9531-165E522908AD}.Debug|x86.ActiveCfg = Debug|Any CPU
		{78CFB1BE-528E-4755-9531-165E522908AD}.Debug|x86.Build.0 = Debug|Any CPU
		{78CFB1BE-528E-4755-9531-165E522908AD}.Release|Any CPU.ActiveCfg = Release|Any CPU
		{78CFB1BE-528E-4755-9531-165E522908AD}.Release|Any CPU.Build.0 = Release|Any CPU
		{78CFB1BE-528E-4755-9531-165E522908AD}.Release|x64.ActiveCfg = Release|Any CPU
		{78CFB1BE-528E-4755-9531-165E522908AD}.Release|x64.Build.0 = Release|Any CPU
		{78CFB1BE-528E-4755-9531-165E522908AD}.Release|x86.ActiveCfg = Release|Any CPU
		{78CFB1BE-528E-4755-9531-165E522908AD}.Release|x86.Build.0 = Release|Any CPU
		{47700B3F-2BFD-445B-936D-9CA3742D95B7}.Debug|Any CPU.ActiveCfg = Debug|Any CPU
		{47700B3F-2BFD-445B-936D-9CA3742D95B7}.Debug|Any CPU.Build.0 = Debug|Any CPU
		{47700B3F-2BFD-445B-936D-9CA3742D95B7}.Debug|x64.ActiveCfg = Debug|Any CPU
		{47700B3F-2BFD-445B-936D-9CA3742D95B7}.Debug|x64.Build.0 = Debug|Any CPU
		{47700B3F-2BFD-445B-936D-9CA3742D95B7}.Debug|x86.ActiveCfg = Debug|Any CPU
		{47700B3F-2BFD-445B-936D-9CA3742D95B7}.Debug|x86.Build.0 = Debug|Any CPU
		{47700B3F-2BFD-445B-936D-9CA3742D95B7}.Release|Any CPU.ActiveCfg = Release|Any CPU
		{47700B3F-2BFD-445B-936D-9CA3742D95B7}.Release|Any CPU.Build.0 = Release|Any CPU
		{47700B3F-2BFD-445B-936D-9CA3742D95B7}.Release|x64.ActiveCfg = Release|Any CPU
		{47700B3F-2BFD-445B-936D-9CA3742D95B7}.Release|x64.Build.0 = Release|Any CPU
		{47700B3F-2BFD-445B-936D-9CA3742D95B7}.Release|x86.ActiveCfg = Release|Any CPU
		{47700B3F-2BFD-445B-936D-9CA3742D95B7}.Release|x86.Build.0 = Release|Any CPU
		{FEC54018-4009-4955-A2C4-A8105CA6C3E2}.Debug|Any CPU.ActiveCfg = Debug|Any CPU
		{FEC54018-4009-4955-A2C4-A8105CA6C3E2}.Debug|Any CPU.Build.0 = Debug|Any CPU
		{FEC54018-4009-4955-A2C4-A8105CA6C3E2}.Debug|x64.ActiveCfg = Debug|Any CPU
		{FEC54018-4009-4955-A2C4-A8105CA6C3E2}.Debug|x64.Build.0 = Debug|Any CPU
		{FEC54018-4009-4955-A2C4-A8105CA6C3E2}.Debug|x86.ActiveCfg = Debug|Any CPU
		{FEC54018-4009-4955-A2C4-A8105CA6C3E2}.Debug|x86.Build.0 = Debug|Any CPU
		{FEC54018-4009-4955-A2C4-A8105CA6C3E2}.Release|Any CPU.ActiveCfg = Release|Any CPU
		{FEC54018-4009-4955-A2C4-A8105CA6C3E2}.Release|Any CPU.Build.0 = Release|Any CPU
		{FEC54018-4009-4955-A2C4-A8105CA6C3E2}.Release|x64.ActiveCfg = Release|Any CPU
		{FEC54018-4009-4955-A2C4-A8105CA6C3E2}.Release|x64.Build.0 = Release|Any CPU
		{FEC54018-4009-4955-A2C4-A8105CA6C3E2}.Release|x86.ActiveCfg = Release|Any CPU
		{FEC54018-4009-4955-A2C4-A8105CA6C3E2}.Release|x86.Build.0 = Release|Any CPU
		{494AACB5-F48E-44E4-B455-5B5D310910FF}.Debug|Any CPU.ActiveCfg = Debug|Any CPU
		{494AACB5-F48E-44E4-B455-5B5D310910FF}.Debug|Any CPU.Build.0 = Debug|Any CPU
		{494AACB5-F48E-44E4-B455-5B5D310910FF}.Debug|x64.ActiveCfg = Debug|Any CPU
		{494AACB5-F48E-44E4-B455-5B5D310910FF}.Debug|x64.Build.0 = Debug|Any CPU
		{494AACB5-F48E-44E4-B455-5B5D310910FF}.Debug|x86.ActiveCfg = Debug|Any CPU
		{494AACB5-F48E-44E4-B455-5B5D310910FF}.Debug|x86.Build.0 = Debug|Any CPU
		{494AACB5-F48E-44E4-B455-5B5D310910FF}.Release|Any CPU.ActiveCfg = Release|Any CPU
		{494AACB5-F48E-44E4-B455-5B5D310910FF}.Release|Any CPU.Build.0 = Release|Any CPU
		{494AACB5-F48E-44E4-B455-5B5D310910FF}.Release|x64.ActiveCfg = Release|Any CPU
		{494AACB5-F48E-44E4-B455-5B5D310910FF}.Release|x64.Build.0 = Release|Any CPU
		{494AACB5-F48E-44E4-B455-5B5D310910FF}.Release|x86.ActiveCfg = Release|Any CPU
		{494AACB5-F48E-44E4-B455-5B5D310910FF}.Release|x86.Build.0 = Release|Any CPU
		{418D66F8-AC6F-4B2A-BB70-83888492A49C}.Debug|Any CPU.ActiveCfg = Debug|Any CPU
		{418D66F8-AC6F-4B2A-BB70-83888492A49C}.Debug|Any CPU.Build.0 = Debug|Any CPU
		{418D66F8-AC6F-4B2A-BB70-83888492A49C}.Debug|x64.ActiveCfg = Debug|Any CPU
		{418D66F8-AC6F-4B2A-BB70-83888492A49C}.Debug|x64.Build.0 = Debug|Any CPU
		{418D66F8-AC6F-4B2A-BB70-83888492A49C}.Debug|x86.ActiveCfg = Debug|Any CPU
		{418D66F8-AC6F-4B2A-BB70-83888492A49C}.Debug|x86.Build.0 = Debug|Any CPU
		{418D66F8-AC6F-4B2A-BB70-83888492A49C}.Release|Any CPU.ActiveCfg = Release|Any CPU
		{418D66F8-AC6F-4B2A-BB70-83888492A49C}.Release|Any CPU.Build.0 = Release|Any CPU
		{418D66F8-AC6F-4B2A-BB70-83888492A49C}.Release|x64.ActiveCfg = Release|Any CPU
		{418D66F8-AC6F-4B2A-BB70-83888492A49C}.Release|x64.Build.0 = Release|Any CPU
		{418D66F8-AC6F-4B2A-BB70-83888492A49C}.Release|x86.ActiveCfg = Release|Any CPU
		{418D66F8-AC6F-4B2A-BB70-83888492A49C}.Release|x86.Build.0 = Release|Any CPU
		{2B8B930D-93E8-4556-87A5-37A2B15E50BB}.Debug|Any CPU.ActiveCfg = Debug|Any CPU
		{2B8B930D-93E8-4556-87A5-37A2B15E50BB}.Debug|Any CPU.Build.0 = Debug|Any CPU
		{2B8B930D-93E8-4556-87A5-37A2B15E50BB}.Debug|x64.ActiveCfg = Debug|Any CPU
		{2B8B930D-93E8-4556-87A5-37A2B15E50BB}.Debug|x64.Build.0 = Debug|Any CPU
		{2B8B930D-93E8-4556-87A5-37A2B15E50BB}.Debug|x86.ActiveCfg = Debug|Any CPU
		{2B8B930D-93E8-4556-87A5-37A2B15E50BB}.Debug|x86.Build.0 = Debug|Any CPU
		{2B8B930D-93E8-4556-87A5-37A2B15E50BB}.Release|Any CPU.ActiveCfg = Release|Any CPU
		{2B8B930D-93E8-4556-87A5-37A2B15E50BB}.Release|Any CPU.Build.0 = Release|Any CPU
		{2B8B930D-93E8-4556-87A5-37A2B15E50BB}.Release|x64.ActiveCfg = Release|Any CPU
		{2B8B930D-93E8-4556-87A5-37A2B15E50BB}.Release|x64.Build.0 = Release|Any CPU
		{2B8B930D-93E8-4556-87A5-37A2B15E50BB}.Release|x86.ActiveCfg = Release|Any CPU
		{2B8B930D-93E8-4556-87A5-37A2B15E50BB}.Release|x86.Build.0 = Release|Any CPU
		{0F97C307-C484-451A-BBBE-04C646510DD9}.Debug|Any CPU.ActiveCfg = Debug|Any CPU
		{0F97C307-C484-451A-BBBE-04C646510DD9}.Debug|Any CPU.Build.0 = Debug|Any CPU
		{0F97C307-C484-451A-BBBE-04C646510DD9}.Debug|x64.ActiveCfg = Debug|Any CPU
		{0F97C307-C484-451A-BBBE-04C646510DD9}.Debug|x64.Build.0 = Debug|Any CPU
		{0F97C307-C484-451A-BBBE-04C646510DD9}.Debug|x86.ActiveCfg = Debug|Any CPU
		{0F97C307-C484-451A-BBBE-04C646510DD9}.Debug|x86.Build.0 = Debug|Any CPU
		{0F97C307-C484-451A-BBBE-04C646510DD9}.Release|Any CPU.ActiveCfg = Release|Any CPU
		{0F97C307-C484-451A-BBBE-04C646510DD9}.Release|Any CPU.Build.0 = Release|Any CPU
		{0F97C307-C484-451A-BBBE-04C646510DD9}.Release|x64.ActiveCfg = Release|Any CPU
		{0F97C307-C484-451A-BBBE-04C646510DD9}.Release|x64.Build.0 = Release|Any CPU
		{0F97C307-C484-451A-BBBE-04C646510DD9}.Release|x86.ActiveCfg = Release|Any CPU
		{0F97C307-C484-451A-BBBE-04C646510DD9}.Release|x86.Build.0 = Release|Any CPU
		{17259E4D-EB65-497E-8FBA-2A7AFA8AD193}.Debug|Any CPU.ActiveCfg = Debug|Any CPU
		{17259E4D-EB65-497E-8FBA-2A7AFA8AD193}.Debug|Any CPU.Build.0 = Debug|Any CPU
		{17259E4D-EB65-497E-8FBA-2A7AFA8AD193}.Debug|x64.ActiveCfg = Debug|Any CPU
		{17259E4D-EB65-497E-8FBA-2A7AFA8AD193}.Debug|x64.Build.0 = Debug|Any CPU
		{17259E4D-EB65-497E-8FBA-2A7AFA8AD193}.Debug|x86.ActiveCfg = Debug|Any CPU
		{17259E4D-EB65-497E-8FBA-2A7AFA8AD193}.Debug|x86.Build.0 = Debug|Any CPU
		{17259E4D-EB65-497E-8FBA-2A7AFA8AD193}.Release|Any CPU.ActiveCfg = Release|Any CPU
		{17259E4D-EB65-497E-8FBA-2A7AFA8AD193}.Release|Any CPU.Build.0 = Release|Any CPU
		{17259E4D-EB65-497E-8FBA-2A7AFA8AD193}.Release|x64.ActiveCfg = Release|Any CPU
		{17259E4D-EB65-497E-8FBA-2A7AFA8AD193}.Release|x64.Build.0 = Release|Any CPU
		{17259E4D-EB65-497E-8FBA-2A7AFA8AD193}.Release|x86.ActiveCfg = Release|Any CPU
		{17259E4D-EB65-497E-8FBA-2A7AFA8AD193}.Release|x86.Build.0 = Release|Any CPU
		{51BEF01C-D365-440C-AF62-D02861CB2F72}.Debug|Any CPU.ActiveCfg = Debug|Any CPU
		{51BEF01C-D365-440C-AF62-D02861CB2F72}.Debug|Any CPU.Build.0 = Debug|Any CPU
		{51BEF01C-D365-440C-AF62-D02861CB2F72}.Debug|x64.ActiveCfg = Debug|Any CPU
		{51BEF01C-D365-440C-AF62-D02861CB2F72}.Debug|x64.Build.0 = Debug|Any CPU
		{51BEF01C-D365-440C-AF62-D02861CB2F72}.Debug|x86.ActiveCfg = Debug|Any CPU
		{51BEF01C-D365-440C-AF62-D02861CB2F72}.Debug|x86.Build.0 = Debug|Any CPU
		{51BEF01C-D365-440C-AF62-D02861CB2F72}.Release|Any CPU.ActiveCfg = Release|Any CPU
		{51BEF01C-D365-440C-AF62-D02861CB2F72}.Release|Any CPU.Build.0 = Release|Any CPU
		{51BEF01C-D365-440C-AF62-D02861CB2F72}.Release|x64.ActiveCfg = Release|Any CPU
		{51BEF01C-D365-440C-AF62-D02861CB2F72}.Release|x64.Build.0 = Release|Any CPU
		{51BEF01C-D365-440C-AF62-D02861CB2F72}.Release|x86.ActiveCfg = Release|Any CPU
		{51BEF01C-D365-440C-AF62-D02861CB2F72}.Release|x86.Build.0 = Release|Any CPU
		{4C98CF1B-0CBC-45AF-8131-E4A499ED128A}.Debug|Any CPU.ActiveCfg = Debug|Any CPU
		{4C98CF1B-0CBC-45AF-8131-E4A499ED128A}.Debug|Any CPU.Build.0 = Debug|Any CPU
		{4C98CF1B-0CBC-45AF-8131-E4A499ED128A}.Debug|x64.ActiveCfg = Debug|Any CPU
		{4C98CF1B-0CBC-45AF-8131-E4A499ED128A}.Debug|x64.Build.0 = Debug|Any CPU
		{4C98CF1B-0CBC-45AF-8131-E4A499ED128A}.Debug|x86.ActiveCfg = Debug|Any CPU
		{4C98CF1B-0CBC-45AF-8131-E4A499ED128A}.Debug|x86.Build.0 = Debug|Any CPU
		{4C98CF1B-0CBC-45AF-8131-E4A499ED128A}.Release|Any CPU.ActiveCfg = Release|Any CPU
		{4C98CF1B-0CBC-45AF-8131-E4A499ED128A}.Release|Any CPU.Build.0 = Release|Any CPU
		{4C98CF1B-0CBC-45AF-8131-E4A499ED128A}.Release|x64.ActiveCfg = Release|Any CPU
		{4C98CF1B-0CBC-45AF-8131-E4A499ED128A}.Release|x64.Build.0 = Release|Any CPU
		{4C98CF1B-0CBC-45AF-8131-E4A499ED128A}.Release|x86.ActiveCfg = Release|Any CPU
		{4C98CF1B-0CBC-45AF-8131-E4A499ED128A}.Release|x86.Build.0 = Release|Any CPU
		{F8820231-E373-4CF5-B691-48BB8CB0B458}.Debug|Any CPU.ActiveCfg = Debug|Any CPU
		{F8820231-E373-4CF5-B691-48BB8CB0B458}.Debug|Any CPU.Build.0 = Debug|Any CPU
		{F8820231-E373-4CF5-B691-48BB8CB0B458}.Debug|x64.ActiveCfg = Debug|Any CPU
		{F8820231-E373-4CF5-B691-48BB8CB0B458}.Debug|x64.Build.0 = Debug|Any CPU
		{F8820231-E373-4CF5-B691-48BB8CB0B458}.Debug|x86.ActiveCfg = Debug|Any CPU
		{F8820231-E373-4CF5-B691-48BB8CB0B458}.Debug|x86.Build.0 = Debug|Any CPU
		{F8820231-E373-4CF5-B691-48BB8CB0B458}.Release|Any CPU.ActiveCfg = Release|Any CPU
		{F8820231-E373-4CF5-B691-48BB8CB0B458}.Release|Any CPU.Build.0 = Release|Any CPU
		{F8820231-E373-4CF5-B691-48BB8CB0B458}.Release|x64.ActiveCfg = Release|Any CPU
		{F8820231-E373-4CF5-B691-48BB8CB0B458}.Release|x64.Build.0 = Release|Any CPU
		{F8820231-E373-4CF5-B691-48BB8CB0B458}.Release|x86.ActiveCfg = Release|Any CPU
		{F8820231-E373-4CF5-B691-48BB8CB0B458}.Release|x86.Build.0 = Release|Any CPU
		{48A63D83-92D8-451B-9BB9-CD1B1E3A0939}.Debug|Any CPU.ActiveCfg = Debug|Any CPU
		{48A63D83-92D8-451B-9BB9-CD1B1E3A0939}.Debug|Any CPU.Build.0 = Debug|Any CPU
		{48A63D83-92D8-451B-9BB9-CD1B1E3A0939}.Debug|x64.ActiveCfg = Debug|Any CPU
		{48A63D83-92D8-451B-9BB9-CD1B1E3A0939}.Debug|x64.Build.0 = Debug|Any CPU
		{48A63D83-92D8-451B-9BB9-CD1B1E3A0939}.Debug|x86.ActiveCfg = Debug|Any CPU
		{48A63D83-92D8-451B-9BB9-CD1B1E3A0939}.Debug|x86.Build.0 = Debug|Any CPU
		{48A63D83-92D8-451B-9BB9-CD1B1E3A0939}.Release|Any CPU.ActiveCfg = Release|Any CPU
		{48A63D83-92D8-451B-9BB9-CD1B1E3A0939}.Release|Any CPU.Build.0 = Release|Any CPU
		{48A63D83-92D8-451B-9BB9-CD1B1E3A0939}.Release|x64.ActiveCfg = Release|Any CPU
		{48A63D83-92D8-451B-9BB9-CD1B1E3A0939}.Release|x64.Build.0 = Release|Any CPU
		{48A63D83-92D8-451B-9BB9-CD1B1E3A0939}.Release|x86.ActiveCfg = Release|Any CPU
		{48A63D83-92D8-451B-9BB9-CD1B1E3A0939}.Release|x86.Build.0 = Release|Any CPU
		{89234497-FF7A-4CC0-8524-01030A969A2A}.Debug|Any CPU.ActiveCfg = Debug|Any CPU
		{89234497-FF7A-4CC0-8524-01030A969A2A}.Debug|Any CPU.Build.0 = Debug|Any CPU
		{89234497-FF7A-4CC0-8524-01030A969A2A}.Debug|x64.ActiveCfg = Debug|Any CPU
		{89234497-FF7A-4CC0-8524-01030A969A2A}.Debug|x64.Build.0 = Debug|Any CPU
		{89234497-FF7A-4CC0-8524-01030A969A2A}.Debug|x86.ActiveCfg = Debug|Any CPU
		{89234497-FF7A-4CC0-8524-01030A969A2A}.Debug|x86.Build.0 = Debug|Any CPU
		{89234497-FF7A-4CC0-8524-01030A969A2A}.Release|Any CPU.ActiveCfg = Release|Any CPU
		{89234497-FF7A-4CC0-8524-01030A969A2A}.Release|Any CPU.Build.0 = Release|Any CPU
		{89234497-FF7A-4CC0-8524-01030A969A2A}.Release|x64.ActiveCfg = Release|Any CPU
		{89234497-FF7A-4CC0-8524-01030A969A2A}.Release|x64.Build.0 = Release|Any CPU
		{89234497-FF7A-4CC0-8524-01030A969A2A}.Release|x86.ActiveCfg = Release|Any CPU
		{89234497-FF7A-4CC0-8524-01030A969A2A}.Release|x86.Build.0 = Release|Any CPU
		{25450FC1-B613-40E2-BBBB-945BA639519F}.Debug|Any CPU.ActiveCfg = Debug|Any CPU
		{25450FC1-B613-40E2-BBBB-945BA639519F}.Debug|Any CPU.Build.0 = Debug|Any CPU
		{25450FC1-B613-40E2-BBBB-945BA639519F}.Debug|x64.ActiveCfg = Debug|Any CPU
		{25450FC1-B613-40E2-BBBB-945BA639519F}.Debug|x64.Build.0 = Debug|Any CPU
		{25450FC1-B613-40E2-BBBB-945BA639519F}.Debug|x86.ActiveCfg = Debug|Any CPU
		{25450FC1-B613-40E2-BBBB-945BA639519F}.Debug|x86.Build.0 = Debug|Any CPU
		{25450FC1-B613-40E2-BBBB-945BA639519F}.Release|Any CPU.ActiveCfg = Release|Any CPU
		{25450FC1-B613-40E2-BBBB-945BA639519F}.Release|Any CPU.Build.0 = Release|Any CPU
		{25450FC1-B613-40E2-BBBB-945BA639519F}.Release|x64.ActiveCfg = Release|Any CPU
		{25450FC1-B613-40E2-BBBB-945BA639519F}.Release|x64.Build.0 = Release|Any CPU
		{25450FC1-B613-40E2-BBBB-945BA639519F}.Release|x86.ActiveCfg = Release|Any CPU
		{25450FC1-B613-40E2-BBBB-945BA639519F}.Release|x86.Build.0 = Release|Any CPU
		{7F1B7BED-373F-43A2-AC9B-754E20207C90}.Debug|Any CPU.ActiveCfg = Debug|Any CPU
		{7F1B7BED-373F-43A2-AC9B-754E20207C90}.Debug|Any CPU.Build.0 = Debug|Any CPU
		{7F1B7BED-373F-43A2-AC9B-754E20207C90}.Debug|x64.ActiveCfg = Debug|Any CPU
		{7F1B7BED-373F-43A2-AC9B-754E20207C90}.Debug|x64.Build.0 = Debug|Any CPU
		{7F1B7BED-373F-43A2-AC9B-754E20207C90}.Debug|x86.ActiveCfg = Debug|Any CPU
		{7F1B7BED-373F-43A2-AC9B-754E20207C90}.Debug|x86.Build.0 = Debug|Any CPU
		{7F1B7BED-373F-43A2-AC9B-754E20207C90}.Release|Any CPU.ActiveCfg = Release|Any CPU
		{7F1B7BED-373F-43A2-AC9B-754E20207C90}.Release|Any CPU.Build.0 = Release|Any CPU
		{7F1B7BED-373F-43A2-AC9B-754E20207C90}.Release|x64.ActiveCfg = Release|Any CPU
		{7F1B7BED-373F-43A2-AC9B-754E20207C90}.Release|x64.Build.0 = Release|Any CPU
		{7F1B7BED-373F-43A2-AC9B-754E20207C90}.Release|x86.ActiveCfg = Release|Any CPU
		{7F1B7BED-373F-43A2-AC9B-754E20207C90}.Release|x86.Build.0 = Release|Any CPU
		{0E93E5A4-25AC-4188-844D-B2F3BB099F16}.Debug|Any CPU.ActiveCfg = Debug|Any CPU
		{0E93E5A4-25AC-4188-844D-B2F3BB099F16}.Debug|Any CPU.Build.0 = Debug|Any CPU
		{0E93E5A4-25AC-4188-844D-B2F3BB099F16}.Debug|x64.ActiveCfg = Debug|Any CPU
		{0E93E5A4-25AC-4188-844D-B2F3BB099F16}.Debug|x64.Build.0 = Debug|Any CPU
		{0E93E5A4-25AC-4188-844D-B2F3BB099F16}.Debug|x86.ActiveCfg = Debug|Any CPU
		{0E93E5A4-25AC-4188-844D-B2F3BB099F16}.Debug|x86.Build.0 = Debug|Any CPU
		{0E93E5A4-25AC-4188-844D-B2F3BB099F16}.Release|Any CPU.ActiveCfg = Release|Any CPU
		{0E93E5A4-25AC-4188-844D-B2F3BB099F16}.Release|Any CPU.Build.0 = Release|Any CPU
		{0E93E5A4-25AC-4188-844D-B2F3BB099F16}.Release|x64.ActiveCfg = Release|Any CPU
		{0E93E5A4-25AC-4188-844D-B2F3BB099F16}.Release|x64.Build.0 = Release|Any CPU
		{0E93E5A4-25AC-4188-844D-B2F3BB099F16}.Release|x86.ActiveCfg = Release|Any CPU
		{0E93E5A4-25AC-4188-844D-B2F3BB099F16}.Release|x86.Build.0 = Release|Any CPU
		{D7139C83-338D-4034-A6DC-C214604030A9}.Debug|Any CPU.ActiveCfg = Debug|Any CPU
		{D7139C83-338D-4034-A6DC-C214604030A9}.Debug|Any CPU.Build.0 = Debug|Any CPU
		{D7139C83-338D-4034-A6DC-C214604030A9}.Debug|x64.ActiveCfg = Debug|Any CPU
		{D7139C83-338D-4034-A6DC-C214604030A9}.Debug|x64.Build.0 = Debug|Any CPU
		{D7139C83-338D-4034-A6DC-C214604030A9}.Debug|x86.ActiveCfg = Debug|Any CPU
		{D7139C83-338D-4034-A6DC-C214604030A9}.Debug|x86.Build.0 = Debug|Any CPU
		{D7139C83-338D-4034-A6DC-C214604030A9}.Release|Any CPU.ActiveCfg = Release|Any CPU
		{D7139C83-338D-4034-A6DC-C214604030A9}.Release|Any CPU.Build.0 = Release|Any CPU
		{D7139C83-338D-4034-A6DC-C214604030A9}.Release|x64.ActiveCfg = Release|Any CPU
		{D7139C83-338D-4034-A6DC-C214604030A9}.Release|x64.Build.0 = Release|Any CPU
		{D7139C83-338D-4034-A6DC-C214604030A9}.Release|x86.ActiveCfg = Release|Any CPU
		{D7139C83-338D-4034-A6DC-C214604030A9}.Release|x86.Build.0 = Release|Any CPU
		{F50170F0-3DE0-4513-8451-6D9398B38EB4}.Debug|Any CPU.ActiveCfg = Debug|Any CPU
		{F50170F0-3DE0-4513-8451-6D9398B38EB4}.Debug|Any CPU.Build.0 = Debug|Any CPU
		{F50170F0-3DE0-4513-8451-6D9398B38EB4}.Debug|x64.ActiveCfg = Debug|Any CPU
		{F50170F0-3DE0-4513-8451-6D9398B38EB4}.Debug|x64.Build.0 = Debug|Any CPU
		{F50170F0-3DE0-4513-8451-6D9398B38EB4}.Debug|x86.ActiveCfg = Debug|Any CPU
		{F50170F0-3DE0-4513-8451-6D9398B38EB4}.Debug|x86.Build.0 = Debug|Any CPU
		{F50170F0-3DE0-4513-8451-6D9398B38EB4}.Release|Any CPU.ActiveCfg = Release|Any CPU
		{F50170F0-3DE0-4513-8451-6D9398B38EB4}.Release|Any CPU.Build.0 = Release|Any CPU
		{F50170F0-3DE0-4513-8451-6D9398B38EB4}.Release|x64.ActiveCfg = Release|Any CPU
		{F50170F0-3DE0-4513-8451-6D9398B38EB4}.Release|x64.Build.0 = Release|Any CPU
		{F50170F0-3DE0-4513-8451-6D9398B38EB4}.Release|x86.ActiveCfg = Release|Any CPU
		{F50170F0-3DE0-4513-8451-6D9398B38EB4}.Release|x86.Build.0 = Release|Any CPU
		{EFB53E6D-72F4-4181-92BE-8BA7D227F5FC}.Debug|Any CPU.ActiveCfg = Debug|Any CPU
		{EFB53E6D-72F4-4181-92BE-8BA7D227F5FC}.Debug|Any CPU.Build.0 = Debug|Any CPU
		{EFB53E6D-72F4-4181-92BE-8BA7D227F5FC}.Debug|x64.ActiveCfg = Debug|Any CPU
		{EFB53E6D-72F4-4181-92BE-8BA7D227F5FC}.Debug|x64.Build.0 = Debug|Any CPU
		{EFB53E6D-72F4-4181-92BE-8BA7D227F5FC}.Debug|x86.ActiveCfg = Debug|Any CPU
		{EFB53E6D-72F4-4181-92BE-8BA7D227F5FC}.Debug|x86.Build.0 = Debug|Any CPU
		{EFB53E6D-72F4-4181-92BE-8BA7D227F5FC}.Release|Any CPU.ActiveCfg = Release|Any CPU
		{EFB53E6D-72F4-4181-92BE-8BA7D227F5FC}.Release|Any CPU.Build.0 = Release|Any CPU
		{EFB53E6D-72F4-4181-92BE-8BA7D227F5FC}.Release|x64.ActiveCfg = Release|Any CPU
		{EFB53E6D-72F4-4181-92BE-8BA7D227F5FC}.Release|x64.Build.0 = Release|Any CPU
		{EFB53E6D-72F4-4181-92BE-8BA7D227F5FC}.Release|x86.ActiveCfg = Release|Any CPU
		{EFB53E6D-72F4-4181-92BE-8BA7D227F5FC}.Release|x86.Build.0 = Release|Any CPU
	EndGlobalSection
	GlobalSection(SolutionProperties) = preSolution
		HideSolutionNode = FALSE
	EndGlobalSection
	GlobalSection(NestedProjects) = preSolution
		{4223C8D1-C8C1-4EFF-88F9-F26612B0A619} = {C8D5274F-AC00-46C7-1F8D-E88E81087A52}
		{2AAB05F0-DEC6-4B4D-A013-4E2A902D1AF5} = {C8D5274F-AC00-46C7-1F8D-E88E81087A52}
		{F9B6EEDA-8E7F-4284-A3FB-E57638EEA50A} = {C8D5274F-AC00-46C7-1F8D-E88E81087A52}
		{B447E6CA-3F91-4B9B-A52F-6FC3B2D11C6A} = {C8D5274F-AC00-46C7-1F8D-E88E81087A52}
		{248BBE81-7924-4049-84CA-D356C0157D0F} = {C8D5274F-AC00-46C7-1F8D-E88E81087A52}
		{3DF8F99F-D6C8-4498-98F8-897113784A08} = {C8D5274F-AC00-46C7-1F8D-E88E81087A52}
		{C9CE271C-4592-4762-B76C-580FCB0141AA} = {C8D5274F-AC00-46C7-1F8D-E88E81087A52}
		{C319B2F7-44D4-45C3-AD98-1FAD849056B2} = {C8D5274F-AC00-46C7-1F8D-E88E81087A52}
		{4140B5A3-2089-4C33-996C-D83A60D84EAE} = {C8D5274F-AC00-46C7-1F8D-E88E81087A52}
		{B404798D-569A-4E96-926B-58E8C94B1844} = {C8D5274F-AC00-46C7-1F8D-E88E81087A52}
		{78CFB1BE-528E-4755-9531-165E522908AD} = {C8D5274F-AC00-46C7-1F8D-E88E81087A52}
		{47700B3F-2BFD-445B-936D-9CA3742D95B7} = {C8D5274F-AC00-46C7-1F8D-E88E81087A52}
		{FEC54018-4009-4955-A2C4-A8105CA6C3E2} = {C8D5274F-AC00-46C7-1F8D-E88E81087A52}
		{494AACB5-F48E-44E4-B455-5B5D310910FF} = {C8D5274F-AC00-46C7-1F8D-E88E81087A52}
		{418D66F8-AC6F-4B2A-BB70-83888492A49C} = {C8D5274F-AC00-46C7-1F8D-E88E81087A52}
		{2B8B930D-93E8-4556-87A5-37A2B15E50BB} = {C8D5274F-AC00-46C7-1F8D-E88E81087A52}
		{0F97C307-C484-451A-BBBE-04C646510DD9} = {C8D5274F-AC00-46C7-1F8D-E88E81087A52}
		{17259E4D-EB65-497E-8FBA-2A7AFA8AD193} = {C8D5274F-AC00-46C7-1F8D-E88E81087A52}
		{51BEF01C-D365-440C-AF62-D02861CB2F72} = {C8D5274F-AC00-46C7-1F8D-E88E81087A52}
		{4C98CF1B-0CBC-45AF-8131-E4A499ED128A} = {C8D5274F-AC00-46C7-1F8D-E88E81087A52}
		{F8820231-E373-4CF5-B691-48BB8CB0B458} = {C8D5274F-AC00-46C7-1F8D-E88E81087A52}
		{48A63D83-92D8-451B-9BB9-CD1B1E3A0939} = {C8D5274F-AC00-46C7-1F8D-E88E81087A52}
		{89234497-FF7A-4CC0-8524-01030A969A2A} = {BB7B37BE-C4AD-44CF-BDEB-279A557446DD}
		{25450FC1-B613-40E2-BBBB-945BA639519F} = {BB7B37BE-C4AD-44CF-BDEB-279A557446DD}
		{7F1B7BED-373F-43A2-AC9B-754E20207C90} = {BB7B37BE-C4AD-44CF-BDEB-279A557446DD}
		{0E93E5A4-25AC-4188-844D-B2F3BB099F16} = {BB7B37BE-C4AD-44CF-BDEB-279A557446DD}
		{D7139C83-338D-4034-A6DC-C214604030A9} = {BB7B37BE-C4AD-44CF-BDEB-279A557446DD}
		{F50170F0-3DE0-4513-8451-6D9398B38EB4} = {BB7B37BE-C4AD-44CF-BDEB-279A557446DD}
		{EFB53E6D-72F4-4181-92BE-8BA7D227F5FC} = {BB7B37BE-C4AD-44CF-BDEB-279A557446DD}
	EndGlobalSection
	GlobalSection(ExtensibilityGlobals) = postSolution
		SolutionGuid = {967B27B8-8EF8-445D-805B-603BBC8A3B22}
	EndGlobalSection
EndGlobal
